{
  "name": "v23",
  "version": "1.0.0",
  "lockfileVersion": 3,
  "requires": true,
  "packages": {
    "": {
      "name": "v23",
      "version": "1.0.0",
      "license": "ISC",
      "workspaces": [
        "package-a"
      ]
    },
    "node_modules/package-a": {
      "resolved": "package-a",
      "link": true
    },
    "package-a": {
      "version": "1.0.0",
      "license": "ISC"
    }
  }
}
